
Microsoft Visual Studio Solution File, Format Version 12.00
# Visual Studio Version 17
VisualStudioVersion = 17.1.32113.165
MinimumVisualStudioVersion = 10.0.40219.1
Project("{FAE04EC0-301F-11D3-BF4B-00C04F79EFBC}") = "Abraham.Windows.Shell", "Abraham.Windows.Shell.csproj", "{DCCD7079-50E7-4081-887F-D85D05EF4C9A}"
EndProject
Global
	GlobalSection(SolutionConfigurationPlatforms) = preSolution
		Debug|Any CPU = Debug|Any CPU
		Release|Any CPU = Release|Any CPU
	EndGlobalSection
	GlobalSection(ProjectConfigurationPlatforms) = postSolution
		{DCCD7079-50E7-4081-887F-D85D05EF4C9A}.Debug|Any CPU.ActiveCfg = Debug|Any CPU
		{DCCD7079-50E7-4081-887F-D85D05EF4C9A}.Debug|Any CPU.Build.0 = Debug|Any CPU
		{DCCD7079-50E7-4081-887F-D85D05EF4C9A}.Release|Any CPU.ActiveCfg = Release|Any CPU
		{DCCD7079-50E7-4081-887F-D85D05EF4C9A}.Release|Any CPU.Build.0 = Release|Any CPU
	EndGlobalSection
	GlobalSection(SolutionProperties) = preSolution
		HideSolutionNode = FALSE
	EndGlobalSection
	GlobalSection(ExtensibilityGlobals) = postSolution
		SolutionGuid = {F77A0906-2AEC-477E-9024-67BF5A6E9D57}
	EndGlobalSection
EndGlobal
